// !$*UTF8*$!
{
	archiveVersion = 1;
	classes = {
	};
	objectVersion = 46;
	objects = {

/* Begin PBXBuildFile section */
		7B71F5E71AFFB46800A48BB7 /* main.m in Sources */ = {isa = PBXBuildFile; fileRef = 7B71F5E61AFFB46800A48BB7 /* main.m */; };
		7B71F5EA1AFFB46800A48BB7 /* AppDelegate.m in Sources */ = {isa = PBXBuildFile; fileRef = 7B71F5E91AFFB46800A48BB7 /* AppDelegate.m */; };
		7B71F5F01AFFB46800A48BB7 /* Main.storyboard in Resources */ = {isa = PBXBuildFile; fileRef = 7B71F5EE1AFFB46800A48BB7 /* Main.storyboard */; };
		7B71F5F21AFFB46800A48BB7 /* Images.xcassets in Resources */ = {isa = PBXBuildFile; fileRef = 7B71F5F11AFFB46800A48BB7 /* Images.xcassets */; };
		7B71F5F51AFFB46800A48BB7 /* LaunchScreen.xib in Resources */ = {isa = PBXBuildFile; fileRef = 7B71F5F31AFFB46800A48BB7 /* LaunchScreen.xib */; };
		7B71F6011AFFB46800A48BB7 /* HamQTH_LookupTests.m in Sources */ = {isa = PBXBuildFile; fileRef = 7B71F6001AFFB46800A48BB7 /* HamQTH_LookupTests.m */; };
		7B71F60C1AFFB73400A48BB7 /* HamQTHLookupViewController.m in Sources */ = {isa = PBXBuildFile; fileRef = 7B71F60B1AFFB73400A48BB7 /* HamQTHLookupViewController.m */; };
		7B71F6121AFFB77D00A48BB7 /* HamQTHLookupResultTableViewController.m in Sources */ = {isa = PBXBuildFile; fileRef = 7B71F6111AFFB77D00A48BB7 /* HamQTHLookupResultTableViewController.m */; };
		7B71F6151AFFB7A200A48BB7 /* HamQTH.m in Sources */ = {isa = PBXBuildFile; fileRef = 7B71F6141AFFB7A200A48BB7 /* HamQTH.m */; };
		7B71F6191AFFC05300A48BB7 /* HamQTHSettingInformationViewController.m in Sources */ = {isa = PBXBuildFile; fileRef = 7B71F6181AFFC05300A48BB7 /* HamQTHSettingInformationViewController.m */; };
/* End PBXBuildFile section */

/* Begin PBXContainerItemProxy section */
		7B71F5FB1AFFB46800A48BB7 /* PBXContainerItemProxy */ = {
			isa = PBXContainerItemProxy;
			containerPortal = 7B71F5D91AFFB46800A48BB7 /* Project object */;
			proxyType = 1;
			remoteGlobalIDString = 7B71F5E01AFFB46800A48BB7;
			remoteInfo = "HamQTH Lookup";
		};
/* End PBXContainerItemProxy section */

/* Begin PBXFileReference section */
		7B71F5E11AFFB46800A48BB7 /* HamQTH Lookup.app */ = {isa = PBXFileReference; explicitFileType = wrapper.application; includeInIndex = 0; path = "HamQTH Lookup.app"; sourceTree = BUILT_PRODUCTS_DIR; };
		7B71F5E51AFFB46800A48BB7 /* Info.plist */ = {isa = PBXFileReference; lastKnownFileType = text.plist.xml; path = Info.plist; sourceTree = "<group>"; };
		7B71F5E61AFFB46800A48BB7 /* main.m */ = {isa = PBXFileReference; lastKnownFileType = sourcecode.c.objc; path = main.m; sourceTree = "<group>"; };
		7B71F5E81AFFB46800A48BB7 /* AppDelegate.h */ = {isa = PBXFileReference; lastKnownFileType = sourcecode.c.h; path = AppDelegate.h; sourceTree = "<group>"; };
		7B71F5E91AFFB46800A48BB7 /* AppDelegate.m */ = {isa = PBXFileReference; lastKnownFileType = sourcecode.c.objc; path = AppDelegate.m; sourceTree = "<group>"; };
		7B71F5EF1AFFB46800A48BB7 /* Base */ = {isa = PBXFileReference; lastKnownFileType = file.storyboard; name = Base; path = Base.lproj/Main.storyboard; sourceTree = "<group>"; };
		7B71F5F11AFFB46800A48BB7 /* Images.xcassets */ = {isa = PBXFileReference; lastKnownFileType = folder.assetcatalog; path = Images.xcassets; sourceTree = "<group>"; };
		7B71F5F41AFFB46800A48BB7 /* Base */ = {isa = PBXFileReference; lastKnownFileType = file.xib; name = Base; path = Base.lproj/LaunchScreen.xib; sourceTree = "<group>"; };
		7B71F5FA1AFFB46800A48BB7 /* HamQTH LookupTests.xctest */ = {isa = PBXFileReference; explicitFileType = wrapper.cfbundle; includeInIndex = 0; path = "HamQTH LookupTests.xctest"; sourceTree = BUILT_PRODUCTS_DIR; };
		7B71F5FF1AFFB46800A48BB7 /* Info.plist */ = {isa = PBXFileReference; lastKnownFileType = text.plist.xml; path = Info.plist; sourceTree = "<group>"; };
		7B71F6001AFFB46800A48BB7 /* HamQTH_LookupTests.m */ = {isa = PBXFileReference; lastKnownFileType = sourcecode.c.objc; path = HamQTH_LookupTests.m; sourceTree = "<group>"; };
		7B71F60A1AFFB73400A48BB7 /* HamQTHLookupViewController.h */ = {isa = PBXFileReference; fileEncoding = 4; lastKnownFileType = sourcecode.c.h; path = HamQTHLookupViewController.h; sourceTree = "<group>"; };
		7B71F60B1AFFB73400A48BB7 /* HamQTHLookupViewController.m */ = {isa = PBXFileReference; fileEncoding = 4; lastKnownFileType = sourcecode.c.objc; path = HamQTHLookupViewController.m; sourceTree = "<group>"; };
		7B71F6101AFFB77D00A48BB7 /* HamQTHLookupResultTableViewController.h */ = {isa = PBXFileReference; fileEncoding = 4; lastKnownFileType = sourcecode.c.h; path = HamQTHLookupResultTableViewController.h; sourceTree = "<group>"; };
		7B71F6111AFFB77D00A48BB7 /* HamQTHLookupResultTableViewController.m */ = {isa = PBXFileReference; fileEncoding = 4; lastKnownFileType = sourcecode.c.objc; path = HamQTHLookupResultTableViewController.m; sourceTree = "<group>"; };
		7B71F6131AFFB7A200A48BB7 /* HamQTH.h */ = {isa = PBXFileReference; fileEncoding = 4; lastKnownFileType = sourcecode.c.h; path = HamQTH.h; sourceTree = "<group>"; };
		7B71F6141AFFB7A200A48BB7 /* HamQTH.m */ = {isa = PBXFileReference; fileEncoding = 4; lastKnownFileType = sourcecode.c.objc; path = HamQTH.m; sourceTree = "<group>"; };
		7B71F6161AFFB8E600A48BB7 /* Macros.h */ = {isa = PBXFileReference; fileEncoding = 4; lastKnownFileType = sourcecode.c.h; path = Macros.h; sourceTree = "<group>"; };
		7B71F6171AFFC05300A48BB7 /* HamQTHLoginSettingViewController.h */ = {isa = PBXFileReference; fileEncoding = 4; lastKnownFileType = sourcecode.c.h; path = HamQTHLoginSettingViewController.h; sourceTree = "<group>"; };
		7B71F6181AFFC05300A48BB7 /* HamQTHSettingInformationViewController.m */ = {isa = PBXFileReference; fileEncoding = 4; lastKnownFileType = sourcecode.c.objc; path = HamQTHSettingInformationViewController.m; sourceTree = "<group>"; };
/* End PBXFileReference section */

/* Begin PBXFrameworksBuildPhase section */
		7B71F5DE1AFFB46800A48BB7 /* Frameworks */ = {
			isa = PBXFrameworksBuildPhase;
			buildActionMask = 2147483647;
			files = (
			);
			runOnlyForDeploymentPostprocessing = 0;
		};
		7B71F5F71AFFB46800A48BB7 /* Frameworks */ = {
			isa = PBXFrameworksBuildPhase;
			buildActionMask = 2147483647;
			files = (
			);
			runOnlyForDeploymentPostprocessing = 0;
		};
/* End PBXFrameworksBuildPhase section */

/* Begin PBXGroup section */
		7B71F5D81AFFB46800A48BB7 = {
			isa = PBXGroup;
			children = (
				7B71F5E31AFFB46800A48BB7 /* HamQTH Lookup */,
				7B71F5FD1AFFB46800A48BB7 /* HamQTH LookupTests */,
				7B71F5E21AFFB46800A48BB7 /* Products */,
			);
			sourceTree = "<group>";
		};
		7B71F5E21AFFB46800A48BB7 /* Products */ = {
			isa = PBXGroup;
			children = (
				7B71F5E11AFFB46800A48BB7 /* HamQTH Lookup.app */,
				7B71F5FA1AFFB46800A48BB7 /* HamQTH LookupTests.xctest */,
			);
			name = Products;
			sourceTree = "<group>";
		};
		7B71F5E31AFFB46800A48BB7 /* HamQTH Lookup */ = {
			isa = PBXGroup;
			children = (
				7B71F5E81AFFB46800A48BB7 /* AppDelegate.h */,
				7B71F5E91AFFB46800A48BB7 /* AppDelegate.m */,
				7B71F6161AFFB8E600A48BB7 /* Macros.h */,
				7B71F6131AFFB7A200A48BB7 /* HamQTH.h */,
				7B71F6141AFFB7A200A48BB7 /* HamQTH.m */,
				7B71F6171AFFC05300A48BB7 /* HamQTHLoginSettingViewController.h */,
				7B71F6181AFFC05300A48BB7 /* HamQTHSettingInformationViewController.m */,
				7B71F60A1AFFB73400A48BB7 /* HamQTHLookupViewController.h */,
				7B71F60B1AFFB73400A48BB7 /* HamQTHLookupViewController.m */,
				7B71F6101AFFB77D00A48BB7 /* HamQTHLookupResultTableViewController.h */,
				7B71F6111AFFB77D00A48BB7 /* HamQTHLookupResultTableViewController.m */,
				7B71F5EE1AFFB46800A48BB7 /* Main.storyboard */,
				7B71F5F11AFFB46800A48BB7 /* Images.xcassets */,
				7B71F5F31AFFB46800A48BB7 /* LaunchScreen.xib */,
				7B71F5E41AFFB46800A48BB7 /* Supporting Files */,
			);
			path = "HamQTH Lookup";
			sourceTree = "<group>";
		};
		7B71F5E41AFFB46800A48BB7 /* Supporting Files */ = {
			isa = PBXGroup;
			children = (
				7B71F5E51AFFB46800A48BB7 /* Info.plist */,
				7B71F5E61AFFB46800A48BB7 /* main.m */,
			);
			name = "Supporting Files";
			sourceTree = "<group>";
		};
		7B71F5FD1AFFB46800A48BB7 /* HamQTH LookupTests */ = {
			isa = PBXGroup;
			children = (
				7B71F6001AFFB46800A48BB7 /* HamQTH_LookupTests.m */,
				7B71F5FE1AFFB46800A48BB7 /* Supporting Files */,
			);
			path = "HamQTH LookupTests";
			sourceTree = "<group>";
		};
		7B71F5FE1AFFB46800A48BB7 /* Supporting Files */ = {
			isa = PBXGroup;
			children = (
				7B71F5FF1AFFB46800A48BB7 /* Info.plist */,
			);
			name = "Supporting Files";
			sourceTree = "<group>";
		};
/* End PBXGroup section */

/* Begin PBXNativeTarget section */
		7B71F5E01AFFB46800A48BB7 /* HamQTH Lookup */ = {
			isa = PBXNativeTarget;
			buildConfigurationList = 7B71F6041AFFB46800A48BB7 /* Build configuration list for PBXNativeTarget "HamQTH Lookup" */;
			buildPhases = (
				7B71F5DD1AFFB46800A48BB7 /* Sources */,
				7B71F5DE1AFFB46800A48BB7 /* Frameworks */,
				7B71F5DF1AFFB46800A48BB7 /* Resources */,
			);
			buildRules = (
			);
			dependencies = (
			);
			name = "HamQTH Lookup";
			productName = "HamQTH Lookup";
			productReference = 7B71F5E11AFFB46800A48BB7 /* HamQTH Lookup.app */;
			productType = "com.apple.product-type.application";
		};
		7B71F5F91AFFB46800A48BB7 /* HamQTH LookupTests */ = {
			isa = PBXNativeTarget;
			buildConfigurationList = 7B71F6071AFFB46800A48BB7 /* Build configuration list for PBXNativeTarget "HamQTH LookupTests" */;
			buildPhases = (
				7B71F5F61AFFB46800A48BB7 /* Sources */,
				7B71F5F71AFFB46800A48BB7 /* Frameworks */,
				7B71F5F81AFFB46800A48BB7 /* Resources */,
			);
			buildRules = (
			);
			dependencies = (
				7B71F5FC1AFFB46800A48BB7 /* PBXTargetDependency */,
			);
			name = "HamQTH LookupTests";
			productName = "HamQTH LookupTests";
			productReference = 7B71F5FA1AFFB46800A48BB7 /* HamQTH LookupTests.xctest */;
			productType = "com.apple.product-type.bundle.unit-test";
		};
/* End PBXNativeTarget section */

/* Begin PBXProject section */
		7B71F5D91AFFB46800A48BB7 /* Project object */ = {
			isa = PBXProject;
			attributes = {
				LastUpgradeCheck = 0630;
				ORGANIZATIONNAME = "Fabrice Masachs";
				TargetAttributes = {
					7B71F5E01AFFB46800A48BB7 = {
						CreatedOnToolsVersion = 6.3.1;
					};
					7B71F5F91AFFB46800A48BB7 = {
						CreatedOnToolsVersion = 6.3.1;
						TestTargetID = 7B71F5E01AFFB46800A48BB7;
					};
				};
			};
			buildConfigurationList = 7B71F5DC1AFFB46800A48BB7 /* Build configuration list for PBXProject "HamQTH Lookup" */;
			compatibilityVersion = "Xcode 3.2";
			developmentRegion = English;
			hasScannedForEncodings = 0;
			knownRegions = (
				en,
				Base,
			);
			mainGroup = 7B71F5D81AFFB46800A48BB7;
			productRefGroup = 7B71F5E21AFFB46800A48BB7 /* Products */;
			projectDirPath = "";
			projectRoot = "";
			targets = (
				7B71F5E01AFFB46800A48BB7 /* HamQTH Lookup */,
				7B71F5F91AFFB46800A48BB7 /* HamQTH LookupTests */,
			);
		};
/* End PBXProject section */

/* Begin PBXResourcesBuildPhase section */
		7B71F5DF1AFFB46800A48BB7 /* Resources */ = {
			isa = PBXResourcesBuildPhase;
			buildActionMask = 2147483647;
			files = (
				7B71F5F01AFFB46800A48BB7 /* Main.storyboard in Resources */,
				7B71F5F51AFFB46800A48BB7 /* LaunchScreen.xib in Resources */,
				7B71F5F21AFFB46800A48BB7 /* Images.xcassets in Resources */,
			);
			runOnlyForDeploymentPostprocessing = 0;
		};
		7B71F5F81AFFB46800A48BB7 /* Resources */ = {
			isa = PBXResourcesBuildPhase;
			buildActionMask = 2147483647;
			files = (
			);
			runOnlyForDeploymentPostprocessing = 0;
		};
/* End PBXResourcesBuildPhase section */

/* Begin PBXSourcesBuildPhase section */
		7B71F5DD1AFFB46800A48BB7 /* Sources */ = {
			isa = PBXSourcesBuildPhase;
			buildActionMask = 2147483647;
			files = (
				7B71F5EA1AFFB46800A48BB7 /* AppDelegate.m in Sources */,
				7B71F6151AFFB7A200A48BB7 /* HamQTH.m in Sources */,
				7B71F6191AFFC05300A48BB7 /* HamQTHSettingInformationViewController.m in Sources */,
				7B71F5E71AFFB46800A48BB7 /* main.m in Sources */,
				7B71F6121AFFB77D00A48BB7 /* HamQTHLookupResultTableViewController.m in Sources */,
				7B71F60C1AFFB73400A48BB7 /* HamQTHLookupViewController.m in Sources */,
			);
			runOnlyForDeploymentPostprocessing = 0;
		};
		7B71F5F61AFFB46800A48BB7 /* Sources */ = {
			isa = PBXSourcesBuildPhase;
			buildActionMask = 2147483647;
			files = (
				7B71F6011AFFB46800A48BB7 /* HamQTH_LookupTests.m in Sources */,
			);
			runOnlyForDeploymentPostprocessing = 0;
		};
/* End PBXSourcesBuildPhase section */

/* Begin PBXTargetDependency section */
		7B71F5FC1AFFB46800A48BB7 /* PBXTargetDependency */ = {
			isa = PBXTargetDependency;
			target = 7B71F5E01AFFB46800A48BB7 /* HamQTH Lookup */;
			targetProxy = 7B71F5FB1AFFB46800A48BB7 /* PBXContainerItemProxy */;
		};
/* End PBXTargetDependency section */

/* Begin PBXVariantGroup section */
		7B71F5EE1AFFB46800A48BB7 /* Main.storyboard */ = {
			isa = PBXVariantGroup;
			children = (
				7B71F5EF1AFFB46800A48BB7 /* Base */,
			);
			name = Main.storyboard;
			sourceTree = "<group>";
		};
		7B71F5F31AFFB46800A48BB7 /* LaunchScreen.xib */ = {
			isa = PBXVariantGroup;
			children = (
				7B71F5F41AFFB46800A48BB7 /* Base */,
			);
			name = LaunchScreen.xib;
			sourceTree = "<group>";
		};
/* End PBXVariantGroup section */

/* Begin XCBuildConfiguration section */
		7B71F6021AFFB46800A48BB7 /* Debug */ = {
			isa = XCBuildConfiguration;
			buildSettings = {
				ALWAYS_SEARCH_USER_PATHS = NO;
				CLANG_CXX_LANGUAGE_STANDARD = "gnu++0x";
				CLANG_CXX_LIBRARY = "libc++";
				CLANG_ENABLE_MODULES = YES;
				CLANG_ENABLE_OBJC_ARC = YES;
				CLANG_WARN_BOOL_CONVERSION = YES;
				CLANG_WARN_CONSTANT_CONVERSION = YES;
				CLANG_WARN_DIRECT_OBJC_ISA_USAGE = YES_ERROR;
				CLANG_WARN_EMPTY_BODY = YES;
				CLANG_WARN_ENUM_CONVERSION = YES;
				CLANG_WARN_INT_CONVERSION = YES;
				CLANG_WARN_OBJC_ROOT_CLASS = YES_ERROR;
				CLANG_WARN_UNREACHABLE_CODE = YES;
				CLANG_WARN__DUPLICATE_METHOD_MATCH = YES;
				"CODE_SIGN_IDENTITY[sdk=iphoneos*]" = "iPhone Developer";
				COPY_PHASE_STRIP = NO;
				DEBUG_INFORMATION_FORMAT = "dwarf-with-dsym";
				ENABLE_STRICT_OBJC_MSGSEND = YES;
				GCC_C_LANGUAGE_STANDARD = gnu99;
				GCC_DYNAMIC_NO_PIC = NO;
				GCC_NO_COMMON_BLOCKS = YES;
				GCC_OPTIMIZATION_LEVEL = 0;
				GCC_PREPROCESSOR_DEFINITIONS = (
					"DEBUG=1",
					"$(inherited)",
				);
				GCC_SYMBOLS_PRIVATE_EXTERN = NO;
				GCC_WARN_64_TO_32_BIT_CONVERSION = YES;
				GCC_WARN_ABOUT_RETURN_TYPE = YES_ERROR;
				GCC_WARN_UNDECLARED_SELECTOR = YES;
				GCC_WARN_UNINITIALIZED_AUTOS = YES_AGGRESSIVE;
				GCC_WARN_UNUSED_FUNCTION = YES;
				GCC_WARN_UNUSED_VARIABLE = YES;
				IPHONEOS_DEPLOYMENT_TARGET = 8.3;
				MTL_ENABLE_DEBUG_INFO = YES;
				ONLY_ACTIVE_ARCH = YES;
				SDKROOT = iphoneos;
				TARGETED_DEVICE_FAMILY = "1,2";
			};
			name = Debug;
		};
		7B71F6031AFFB46800A48BB7 /* Release */ = {
			isa = XCBuildConfiguration;
			buildSettings = {
				ALWAYS_SEARCH_USER_PATHS = NO;
				CLANG_CXX_LANGUAGE_STANDARD = "gnu++0x";
				CLANG_CXX_LIBRARY = "libc++";
				CLANG_ENABLE_MODULES = YES;
				CLANG_ENABLE_OBJC_ARC = YES;
				CLANG_WARN_BOOL_CONVERSION = YES;
				CLANG_WARN_CONSTANT_CONVERSION = YES;
				CLANG_WARN_DIRECT_OBJC_ISA_USAGE = YES_ERROR;
				CLANG_WARN_EMPTY_BODY = YES;
				CLANG_WARN_ENUM_CONVERSION = YES;
				CLANG_WARN_INT_CONVERSION = YES;
				CLANG_WARN_OBJC_ROOT_CLASS = YES_ERROR;
				CLANG_WARN_UNREACHABLE_CODE = YES;
				CLANG_WARN__DUPLICATE_METHOD_MATCH = YES;
				"CODE_SIGN_IDENTITY[sdk=iphoneos*]" = "iPhone Developer";
				COPY_PHASE_STRIP = NO;
				DEBUG_INFORMATION_FORMAT = "dwarf-with-dsym";
				ENABLE_NS_ASSERTIONS = NO;
				ENABLE_STRICT_OBJC_MSGSEND = YES;
				GCC_C_LANGUAGE_STANDARD = gnu99;
				GCC_NO_COMMON_BLOCKS = YES;
				GCC_WARN_64_TO_32_BIT_CONVERSION = YES;
				GCC_WARN_ABOUT_RETURN_TYPE = YES_ERROR;
				GCC_WARN_UNDECLARED_SELECTOR = YES;
				GCC_WARN_UNINITIALIZED_AUTOS = YES_AGGRESSIVE;
				GCC_WARN_UNUSED_FUNCTION = YES;
				GCC_WARN_UNUSED_VARIABLE = YES;
				IPHONEOS_DEPLOYMENT_TARGET = 8.3;
				MTL_ENABLE_DEBUG_INFO = NO;
				SDKROOT = iphoneos;
				TARGETED_DEVICE_FAMILY = "1,2";
				VALIDATE_PRODUCT = YES;
			};
			name = Release;
		};
		7B71F6051AFFB46800A48BB7 /* Debug */ = {
			isa = XCBuildConfiguration;
			buildSettings = {
				ASSETCATALOG_COMPILER_APPICON_NAME = AppIcon;
				INFOPLIST_FILE = "HamQTH Lookup/Info.plist";
				LD_RUNPATH_SEARCH_PATHS = "$(inherited) @executable_path/Frameworks";
				PRODUCT_NAME = "$(TARGET_NAME)";
			};
			name = Debug;
		};
		7B71F6061AFFB46800A48BB7 /* Release */ = {
			isa = XCBuildConfiguration;
			buildSettings = {
				ASSETCATALOG_COMPILER_APPICON_NAME = AppIcon;
				INFOPLIST_FILE = "HamQTH Lookup/Info.plist";
				LD_RUNPATH_SEARCH_PATHS = "$(inherited) @executable_path/Frameworks";
				PRODUCT_NAME = "$(TARGET_NAME)";
			};
			name = Release;
		};
		7B71F6081AFFB46800A48BB7 /* Debug */ = {
			isa = XCBuildConfiguration;
			buildSettings = {
				BUNDLE_LOADER = "$(TEST_HOST)";
				FRAMEWORK_SEARCH_PATHS = (
					"$(SDKROOT)/Developer/Library/Frameworks",
					"$(inherited)",
				);
				GCC_PREPROCESSOR_DEFINITIONS = (
					"DEBUG=1",
					"$(inherited)",
				);
				INFOPLIST_FILE = "HamQTH LookupTests/Info.plist";
				LD_RUNPATH_SEARCH_PATHS = "$(inherited) @executable_path/Frameworks @loader_path/Frameworks";
				PRODUCT_NAME = "$(TARGET_NAME)";
				TEST_HOST = "$(BUILT_PRODUCTS_DIR)/HamQTH Lookup.app/HamQTH Lookup";
			};
			name = Debug;
		};
		7B71F6091AFFB46800A48BB7 /* Release */ = {
			isa = XCBuildConfiguration;
			buildSettings = {
				BUNDLE_LOADER = "$(TEST_HOST)";
				FRAMEWORK_SEARCH_PATHS = (
					"$(SDKROOT)/Developer/Library/Frameworks",
					"$(inherited)",
				);
				INFOPLIST_FILE = "HamQTH LookupTests/Info.plist";
				LD_RUNPATH_SEARCH_PATHS = "$(inherited) @executable_path/Frameworks @loader_path/Frameworks";
				PRODUCT_NAME = "$(TARGET_NAME)";
				TEST_HOST = "$(BUILT_PRODUCTS_DIR)/HamQTH Lookup.app/HamQTH Lookup";
			};
			name = Release;
		};
/* End XCBuildConfiguration section */

/* Begin XCConfigurationList section */
		7B71F5DC1AFFB46800A48BB7 /* Build configuration list for PBXProject "HamQTH Lookup" */ = {
			isa = XCConfigurationList;
			buildConfigurations = (
				7B71F6021AFFB46800A48BB7 /* Debug */,
				7B71F6031AFFB46800A48BB7 /* Release */,
			);
			defaultConfigurationIsVisible = 0;
			defaultConfigurationName = Release;
		};
		7B71F6041AFFB46800A48BB7 /* Build configuration list for PBXNativeTarget "HamQTH Lookup" */ = {
			isa = XCConfigurationList;
			buildConfigurations = (
				7B71F6051AFFB46800A48BB7 /* Debug */,
				7B71F6061AFFB46800A48BB7 /* Release */,
			);
			defaultConfigurationIsVisible = 0;
			defaultConfigurationName = Release;
		};
		7B71F6071AFFB46800A48BB7 /* Build configuration list for PBXNativeTarget "HamQTH LookupTests" */ = {
			isa = XCConfigurationList;
			buildConfigurations = (
				7B71F6081AFFB46800A48BB7 /* Debug */,
				7B71F6091AFFB46800A48BB7 /* Release */,
			);
			defaultConfigurationIsVisible = 0;
			defaultConfigurationName = Release;
		};
/* End XCConfigurationList section */
	};
	rootObject = 7B71F5D91AFFB46800A48BB7 /* Project object */;
}
